
Microsoft Visual Studio Solution File, Format Version 12.00
# Visual Studio 15
VisualStudioVersion = 15.0.27428.2037
MinimumVisualStudioVersion = 10.0.40219.1
Project("{FAE04EC0-301F-11D3-BF4B-00C04F79EFBC}") = "WpfDataBase", "WpfDataBase\WpfDataBase.csproj", "{993EA5DE-8B22-4723-9ECC-6FC94C0D0C53}"
EndProject
Global
	GlobalSection(SolutionConfigurationPlatforms) = preSolution
		Debug|Any CPU = Debug|Any CPU
		Release|Any CPU = Release|Any CPU
	EndGlobalSection
	GlobalSection(ProjectConfigurationPlatforms) = postSolution
		{993EA5DE-8B22-4723-9ECC-6FC94C0D0C53}.Debug|Any CPU.ActiveCfg = Debug|Any CPU
		{993EA5DE-8B22-4723-9ECC-6FC94C0D0C53}.Debug|Any CPU.Build.0 = Debug|Any CPU
		{993EA5DE-8B22-4723-9ECC-6FC94C0D0C53}.Release|Any CPU.ActiveCfg = Release|Any CPU
		{993EA5DE-8B22-4723-9ECC-6FC94C0D0C53}.Release|Any CPU.Build.0 = Release|Any CPU
	EndGlobalSection
	GlobalSection(SolutionProperties) = preSolution
		HideSolutionNode = FALSE
	EndGlobalSection
	GlobalSection(ExtensibilityGlobals) = postSolution
		SolutionGuid = {5BEE37AA-DA68-4788-8CCF-21871E889087}
	EndGlobalSection
EndGlobal
